# @generated - this file is auto-generated by `mise lock` https://mise.en.dev/dev-tools/mise-lock.html

[[tools."aqua:GoogleContainerTools/skaffold"]]
version = "2.17.0"
backend = "aqua:GoogleContainerTools/skaffold"

[tools."aqua:GoogleContainerTools/skaffold"."platforms.linux-x64"]
url = "https://storage.googleapis.com/skaffold/releases/v2.17.0/skaffold-linux-amd64"

[[tools."aqua:ahmetb/kubectx"]]
version = "0.9.5"
backend = "aqua:ahmetb/kubectx"

[tools."aqua:ahmetb/kubectx"."platforms.linux-x64"]
checksum = "sha256:a2247ffd23e79f89abdd0e8173379d7172511f02a3f63c9936d3824e0dd60648"
url = "https://github.com/ahmetb/kubectx/releases/download/v0.9.5/kubectx_v0.9.5_linux_x86_64.tar.gz"

[[tools."aqua:ahmetb/kubectx/kubens"]]
version = "0.9.5"
backend = "aqua:ahmetb/kubectx/kubens"

[tools."aqua:ahmetb/kubectx/kubens"."platforms.linux-x64"]
checksum = "sha256:acc1a9c7f6b722fbe5fad25dd0e784a7335d18436b9c414ab996629e82702cba"
url = "https://github.com/ahmetb/kubectx/releases/download/v0.9.5/kubens_v0.9.5_linux_x86_64.tar.gz"

[[tools."aqua:kubernetes-sigs/kustomize"]]
version = "5.7.1"
backend = "aqua:kubernetes-sigs/kustomize"

[tools."aqua:kubernetes-sigs/kustomize"."platforms.linux-x64"]
checksum = "sha256:ea375e7372f9aa029129d4b2d16c66b7750b7f1213c4f66f910d981c895818d8"
url = "https://github.com/kubernetes-sigs/kustomize/releases/download/kustomize/v5.7.1/kustomize_v5.7.1_linux_amd64.tar.gz"

[[tools."aqua:kubernetes/kubernetes/kubectl"]]
version = "1.34.3"
backend = "aqua:kubernetes/kubernetes/kubectl"

[tools."aqua:kubernetes/kubernetes/kubectl"."platforms.linux-x64"]
checksum = "sha256:ab60ca5f0fd60c1eb81b52909e67060e3ba0bd27e55a8ac147cbc2172ff14212"
url = "https://dl.k8s.io/v1.34.3/bin/linux/amd64/kubectl"

[[tools."aqua:kubernetes/minikube"]]
version = "1.38.0"
backend = "aqua:kubernetes/minikube"

[tools."aqua:kubernetes/minikube"."platforms.linux-x64"]
checksum = "sha256:6f3fa62bbc3820dbe1f1cffe4beef62c466a8fb1058837781d20d36233dcfa12"
url = "https://github.com/kubernetes/minikube/releases/download/v1.38.0/minikube-linux-amd64"

[[tools."aqua:rhysd/actionlint"]]
version = "1.7.10"
backend = "aqua:rhysd/actionlint"

[tools."aqua:rhysd/actionlint"."platforms.linux-x64"]
checksum = "sha256:f4c76b71db5755a713e6055cbb0857ed07e103e028bda117817660ebadb4386f"
url = "https://github.com/rhysd/actionlint/releases/download/v1.7.10/actionlint_1.7.10_linux_amd64.tar.gz"

[[tools."aqua:stern/stern"]]
version = "1.33.1"
backend = "aqua:stern/stern"

[tools."aqua:stern/stern"."platforms.linux-x64"]
checksum = "sha256:185be29c6a22bd07c0791ec697900943c0cc27292e5a5640a07a543886f1bfc9"
url = "https://github.com/stern/stern/releases/download/v1.33.1/stern_1.33.1_linux_amd64.tar.gz"

[[tools."cargo:oxipng"]]
version = "10.1.1"
backend = "cargo:oxipng"

[[tools."cargo:sqlx-cli"]]
version = "0.8.6"
backend = "cargo:sqlx-cli"

[tools."cargo:sqlx-cli".options]
default-features = "false"
features = "rustls,postgres"

[[tools.rust]]
version = "1.95.0"
backend = "core:rust"
