GEM
  remote: https://rubygems.org/
  specs:
    domain_name (0.6.20240107)
    dotenv (3.2.0)
    http-accept (1.7.0)
    http-cookie (1.1.6)
      domain_name (~> 0.5)
    kramdown (2.5.2)
      rexml (>= 3.4.4)
    logger (1.7.0)
    mime-types (3.7.0)
      logger
      mime-types-data (~> 3.2025, >= 3.2025.0507)
    mime-types-data (3.2026.0414)
    netrc (0.11.0)
    rest-client (2.1.0)
      http-accept (>= 1.7.0, < 2.0)
      http-cookie (>= 1.0.2, < 2.0)
      mime-types (>= 1.16, < 4.0)
      netrc (~> 0.8)
    rexml (3.4.4)

PLATFORMS
  ruby
  x86_64-linux

DEPENDENCIES
  dotenv
  kramdown
  rest-client

BUNDLED WITH
   2.6.9
