lockfileVersion: '9.0'

settings:
  autoInstallPeers: true
  excludeLinksFromLockfile: false

overrides:
  dompurify@<3.3.2: '>=3.3.2'
  dompurify@<=3.3.1: '>=3.3.2'
  dompurify@<=3.3.3: '>=3.4.0'
  dompurify@>=3.1.3 <=3.3.1: '>=3.3.2'
  follow-redirects@<=1.15.11: '>=1.16.0'
  glob@>=10.2.0 <10.5.0: '>=10.5.0'
  js-yaml@<3.14.2: '>=3.14.2'
  js-yaml@>=4.0.0 <4.1.1: '>=4.1.1'
  minimatch@<3.1.3: '>=3.1.3'
  minimatch@<3.1.4: '>=3.1.4'
  minimatch@>=9.0.0 <9.0.6: '>=9.0.6'
  minimatch@>=9.0.0 <9.0.7: '>=9.0.7'
  path-to-regexp@>=8.0.0 <8.4.0: '>=8.4.0'
  picomatch@>=4.0.0 <4.0.4: '>=4.0.4'
  yaml@>=1.0.0 <1.10.3: '>=1.10.3'
  yaml@>=2.0.0 <2.8.3: '>=2.8.3'

importers:

  .:
    dependencies:
      '@inquirer/prompts':
        specifier: ^8.5.0
        version: 8.5.0(@types/node@25.9.1)
    devDependencies:
      '@types/node':
        specifier: ^25.9.1
        version: 25.9.1
      node:
        specifier: runtime:24.16.0
        version: runtime:24.16.0
      tsx:
        specifier: ^4.22.3
        version: 4.22.3
      typescript:
        specifier: ^6.0.3
        version: 6.0.3

packages:

  '@esbuild/aix-ppc64@0.28.0':
    resolution: {integrity: sha512-lhRUCeuOyJQURhTxl4WkpFTjIsbDayJHih5kZC1giwE+MhIzAb7mEsQMqMf18rHLsrb5qI1tafG20mLxEWcWlA==}
    engines: {node: '>=18'}
    cpu: [ppc64]
    os: [aix]

  '@esbuild/android-arm64@0.28.0':
    resolution: {integrity: sha512-+WzIXQOSaGs33tLEgYPYe/yQHf0WTU0X42Jca3y8NWMbUVhp7rUnw+vAsRC/QiDrdD31IszMrZy+qwPOPjd+rw==}
    engines: {node: '>=18'}
    cpu: [arm64]
    os: [android]

  '@esbuild/android-arm@0.28.0':
    resolution: {integrity: sha512-wqh0ByljabXLKHeWXYLqoJ5jKC4XBaw6Hk08OfMrCRd2nP2ZQ5eleDZC41XHyCNgktBGYMbqnrJKq/K/lzPMSQ==}
    engines: {node: '>=18'}
    cpu: [arm]
    os: [android]

  '@esbuild/android-x64@0.28.0':
    resolution: {integrity: sha512-+VJggoaKhk2VNNqVL7f6S189UzShHC/mR9EE8rDdSkdpN0KflSwWY/gWjDrNxxisg8Fp1ZCD9jLMo4m0OUfeUA==}
    engines: {node: '>=18'}
    cpu: [x64]
    os: [android]

  '@esbuild/darwin-arm64@0.28.0':
    resolution: {integrity: sha512-0T+A9WZm+bZ84nZBtk1ckYsOvyA3x7e2Acj1KdVfV4/2tdG4fzUp91YHx+GArWLtwqp77pBXVCPn2We7Letr0Q==}
    engines: {node: '>=18'}
    cpu: [arm64]
    os: [darwin]

  '@esbuild/darwin-x64@0.28.0':
    resolution: {integrity: sha512-fyzLm/DLDl/84OCfp2f/XQ4flmORsjU7VKt8HLjvIXChJoFFOIL6pLJPH4Yhd1n1gGFF9mPwtlN5Wf82DZs+LQ==}
    engines: {node: '>=18'}
    cpu: [x64]
    os: [darwin]

  '@esbuild/freebsd-arm64@0.28.0':
    resolution: {integrity: sha512-l9GeW5UZBT9k9brBYI+0WDffcRxgHQD8ShN2Ur4xWq/NFzUKm3k5lsH4PdaRgb2w7mI9u61nr2gI2mLI27Nh3Q==}
    engines: {node: '>=18'}
    cpu: [arm64]
    os: [freebsd]

  '@esbuild/freebsd-x64@0.28.0':
    resolution: {integrity: sha512-BXoQai/A0wPO6Es3yFJ7APCiKGc1tdAEOgeTNy3SsB491S3aHn4S4r3e976eUnPdU+NbdtmBuLncYir2tMU9Nw==}
    engines: {node: '>=18'}
    cpu: [x64]
    os: [freebsd]

  '@esbuild/linux-arm64@0.28.0':
    resolution: {integrity: sha512-RVyzfb3FWsGA55n6WY0MEIEPURL1FcbhFE6BffZEMEekfCzCIMtB5yyDcFnVbTnwk+CLAgTujmV/Lgvih56W+A==}
    engines: {node: '>=18'}
    cpu: [arm64]
    os: [linux]

  '@esbuild/linux-arm@0.28.0':
    resolution: {integrity: sha512-CjaaREJagqJp7iTaNQjjidaNbCKYcd4IDkzbwwxtSvjI7NZm79qiHc8HqciMddQ6CKvJT6aBd8lO9kN/ZudLlw==}
    engines: {node: '>=18'}
    cpu: [arm]
    os: [linux]

  '@esbuild/linux-ia32@0.28.0':
    resolution: {integrity: sha512-KBnSTt1kxl9x70q+ydterVdl+Cn0H18ngRMRCEQfrbqdUuntQQ0LoMZv47uB97NljZFzY6HcfqEZ2SAyIUTQBQ==}
    engines: {node: '>=18'}
    cpu: [ia32]
    os: [linux]

  '@esbuild/linux-loong64@0.28.0':
    resolution: {integrity: sha512-zpSlUce1mnxzgBADvxKXX5sl8aYQHo2ezvMNI8I0lbblJtp8V4odlm3Yzlj7gPyt3T8ReksE6bK+pT3WD+aJRg==}
    engines: {node: '>=18'}
    cpu: [loong64]
    os: [linux]

  '@esbuild/linux-mips64el@0.28.0':
    resolution: {integrity: sha512-2jIfP6mmjkdmeTlsX/9vmdmhBmKADrWqN7zcdtHIeNSCH1SqIoNI63cYsjQR8J+wGa4Y5izRcSHSm8K3QWmk3w==}
    engines: {node: '>=18'}
    cpu: [mips64el]
    os: [linux]

  '@esbuild/linux-ppc64@0.28.0':
    resolution: {integrity: sha512-bc0FE9wWeC0WBm49IQMPSPILRocGTQt3j5KPCA8os6VprfuJ7KD+5PzESSrJ6GmPIPJK965ZJHTUlSA6GNYEhg==}
    engines: {node: '>=18'}
    cpu: [ppc64]
    os: [linux]

  '@esbuild/linux-riscv64@0.28.0':
    resolution: {integrity: sha512-SQPZOwoTTT/HXFXQJG/vBX8sOFagGqvZyXcgLA3NhIqcBv1BJU1d46c0rGcrij2B56Z2rNiSLaZOYW5cUk7yLQ==}
    engines: {node: '>=18'}
    cpu: [riscv64]
    os: [linux]

  '@esbuild/linux-s390x@0.28.0':
    resolution: {integrity: sha512-SCfR0HN8CEEjnYnySJTd2cw0k9OHB/YFzt5zgJEwa+wL/T/raGWYMBqwDNAC6dqFKmJYZoQBRfHjgwLHGSrn3Q==}
    engines: {node: '>=18'}
    cpu: [s390x]
    os: [linux]

  '@esbuild/linux-x64@0.28.0':
    resolution: {integrity: sha512-us0dSb9iFxIi8srnpl931Nvs65it/Jd2a2K3qs7fz2WfGPHqzfzZTfec7oxZJRNPXPnNYZtanmRc4AL/JwVzHQ==}
    engines: {node: '>=18'}
    cpu: [x64]
    os: [linux]

  '@esbuild/netbsd-arm64@0.28.0':
    resolution: {integrity: sha512-CR/RYotgtCKwtftMwJlUU7xCVNg3lMYZ0RzTmAHSfLCXw3NtZtNpswLEj/Kkf6kEL3Gw+BpOekRX0BYCtklhUw==}
    engines: {node: '>=18'}
    cpu: [arm64]
    os: [netbsd]

  '@esbuild/netbsd-x64@0.28.0':
    resolution: {integrity: sha512-nU1yhmYutL+fQ71Kxnhg8uEOdC0pwEW9entHykTgEbna2pw2dkbFSMeqjjyHZoCmt8SBkOSvV+yNmm94aUrrqw==}
    engines: {node: '>=18'}
    cpu: [x64]
    os: [netbsd]

  '@esbuild/openbsd-arm64@0.28.0':
    resolution: {integrity: sha512-cXb5vApOsRsxsEl4mcZ1XY3D4DzcoMxR/nnc4IyqYs0rTI8ZKmW6kyyg+11Z8yvgMfAEldKzP7AdP64HnSC/6g==}
    engines: {node: '>=18'}
    cpu: [arm64]
    os: [openbsd]

  '@esbuild/openbsd-x64@0.28.0':
    resolution: {integrity: sha512-8wZM2qqtv9UP3mzy7HiGYNH/zjTA355mpeuA+859TyR+e+Tc08IHYpLJuMsfpDJwoLo1ikIJI8jC3GFjnRClzA==}
    engines: {node: '>=18'}
    cpu: [x64]
    os: [openbsd]

  '@esbuild/openharmony-arm64@0.28.0':
    resolution: {integrity: sha512-FLGfyizszcef5C3YtoyQDACyg95+dndv79i2EekILBofh5wpCa1KuBqOWKrEHZg3zrL3t5ouE5jgr94vA+Wb2w==}
    engines: {node: '>=18'}
    cpu: [arm64]
    os: [openharmony]

  '@esbuild/sunos-x64@0.28.0':
    resolution: {integrity: sha512-1ZgjUoEdHZZl/YlV76TSCz9Hqj9h9YmMGAgAPYd+q4SicWNX3G5GCyx9uhQWSLcbvPW8Ni7lj4gDa1T40akdlw==}
    engines: {node: '>=18'}
    cpu: [x64]
    os: [sunos]

  '@esbuild/win32-arm64@0.28.0':
    resolution: {integrity: sha512-Q9StnDmQ/enxnpxCCLSg0oo4+34B9TdXpuyPeTedN/6+iXBJ4J+zwfQI28u/Jl40nOYAxGoNi7mFP40RUtkmUA==}
    engines: {node: '>=18'}
    cpu: [arm64]
    os: [win32]

  '@esbuild/win32-ia32@0.28.0':
    resolution: {integrity: sha512-zF3ag/gfiCe6U2iczcRzSYJKH1DCI+ByzSENHlM2FcDbEeo5Zd2C86Aq0tKUYAJJ1obRP84ymxIAksZUcdztHA==}
    engines: {node: '>=18'}
    cpu: [ia32]
    os: [win32]

  '@esbuild/win32-x64@0.28.0':
    resolution: {integrity: sha512-pEl1bO9mfAmIC+tW5btTmrKaujg3zGtUmWNdCw/xs70FBjwAL3o9OEKNHvNmnyylD6ubxUERiEhdsL0xBQ9efw==}
    engines: {node: '>=18'}
    cpu: [x64]
    os: [win32]

  '@inquirer/ansi@2.0.6':
    resolution: {integrity: sha512-I/INw4sHGlVZ/afZOckpLiDP9SmbMl1g/GCqeHjLw1Afw/0PlRs2tRFgTGWmdI0hoNuWZn3y2iHNmG1vyECyQQ==}
    engines: {node: '>=23.5.0 || ^22.13.0 || ^21.7.0 || ^20.12.0'}

  '@inquirer/checkbox@5.2.0':
    resolution: {integrity: sha512-1HJt+3fqxblp/GQjdntSyoSHYBc0e3CzXVgjFpKA6qFLd9FHBBqwN8Co0xYH6t2JVUZrtFwZ4bBiwptkiLxyOg==}
    engines: {node: '>=23.5.0 || ^22.13.0 || ^21.7.0 || ^20.12.0'}
    peerDependencies:
      '@types/node': '>=18'
    peerDependenciesMeta:
      '@types/node':
        optional: true

  '@inquirer/confirm@6.1.0':
    resolution: {integrity: sha512-USpeB76eqK7yGricDlGAupxWlp4a59qpeZOoNWaxO/nJln7agpJveyNkQ1d5u8YXG6TOqxZtQpKPORQQDrdVsA==}
    engines: {node: '>=23.5.0 || ^22.13.0 || ^21.7.0 || ^20.12.0'}
    peerDependencies:
      '@types/node': '>=18'
    peerDependenciesMeta:
      '@types/node':
        optional: true

  '@inquirer/core@11.2.0':
    resolution: {integrity: sha512-joR1YS2sI0us+9d0I8ViqFbrRLONO8CFTuyvBX4ZVBSch+VsZiugUABdrhBXXJR1VyEzvpz5SQCix3keETQ58g==}
    engines: {node: '>=23.5.0 || ^22.13.0 || ^21.7.0 || ^20.12.0'}
    peerDependencies:
      '@types/node': '>=18'
    peerDependenciesMeta:
      '@types/node':
        optional: true

  '@inquirer/editor@5.2.0':
    resolution: {integrity: sha512-/m+sgRmzSdK6HDtVnl3PmI6MnZC4O+LLezedoJcrX7mINhTjjb0hlC7aEDGZXkFTB4b5uQ0q59AhYTah88KbNg==}
    engines: {node: '>=23.5.0 || ^22.13.0 || ^21.7.0 || ^20.12.0'}
    peerDependencies:
      '@types/node': '>=18'
    peerDependenciesMeta:
      '@types/node':
        optional: true

  '@inquirer/expand@5.1.0':
    resolution: {integrity: sha512-fR7g4BVnIcs+4NApF6C5byflNM/EULxSxsv/2Jvg+gmop0R6eBIPvZqE6RYnTy1tQTFnf9wyHkwNoQSZbofaGA==}
    engines: {node: '>=23.5.0 || ^22.13.0 || ^21.7.0 || ^20.12.0'}
    peerDependencies:
      '@types/node': '>=18'
    peerDependenciesMeta:
      '@types/node':
        optional: true

  '@inquirer/external-editor@3.0.1':
    resolution: {integrity: sha512-tam+Gwjsxg2sx3iUVPkAnhKT/yrk2rd2NAa7XJU/J8OYpU0ifXsnp12xlvzp/DCpWBXVv+vLQsqnpAWwUcWD5Q==}
    engines: {node: '>=23.5.0 || ^22.13.0 || ^21.7.0 || ^20.12.0'}
    peerDependencies:
      '@types/node': '>=18'
    peerDependenciesMeta:
      '@types/node':
        optional: true

  '@inquirer/figures@2.0.6':
    resolution: {integrity: sha512-dsZgQtH2t5Q6ah3aPbZbeEZAxsD9qQu0DXf01AltuEfRTm+NoLN6+rLVbr+4edeEbNCp/wBNM6mALRWtsQpfkw==}
    engines: {node: '>=23.5.0 || ^22.13.0 || ^21.7.0 || ^20.12.0'}

  '@inquirer/input@5.1.0':
    resolution: {integrity: sha512-sVZCz6P6e8tW5g2bSFel1oLpa6jK/u7BexFfrgTqR8syIdnHqy+iopnlSbYBZMsCK52chLjhGNBxt0eRqhsghw==}
    engines: {node: '>=23.5.0 || ^22.13.0 || ^21.7.0 || ^20.12.0'}
    peerDependencies:
      '@types/node': '>=18'
    peerDependenciesMeta:
      '@types/node':
        optional: true

  '@inquirer/number@4.1.0':
    resolution: {integrity: sha512-VMXB/XejCbaSTf9Xucl7dqjzzsaGsrs6XwSYXPbGZ2QbSuq/Gz8XamhSi9ClRubNXZlGry9xVg1tKkJdTDgCtQ==}
    engines: {node: '>=23.5.0 || ^22.13.0 || ^21.7.0 || ^20.12.0'}
    peerDependencies:
      '@types/node': '>=18'
    peerDependenciesMeta:
      '@types/node':
        optional: true

  '@inquirer/password@5.1.0':
    resolution: {integrity: sha512-5tqRuKCDIUxdPxTI/CuLnh914kz+WMPmURHKnZgui9gk43ebudEsdu4EwSn1CPSi5R+17YpBG+ba/YqTnRAcJA==}
    engines: {node: '>=23.5.0 || ^22.13.0 || ^21.7.0 || ^20.12.0'}
    peerDependencies:
      '@types/node': '>=18'
    peerDependenciesMeta:
      '@types/node':
        optional: true

  '@inquirer/prompts@8.5.0':
    resolution: {integrity: sha512-pLjXOnY4y3R1mgyHP3pXD/8eXejp+L/dde/0N2NLKgKfMstqhNZrpvs7Wkzbl9FYFQh10LRQ7QZwq+cz9rrhyw==}
    engines: {node: '>=23.5.0 || ^22.13.0 || ^21.7.0 || ^20.12.0'}
    peerDependencies:
      '@types/node': '>=18'
    peerDependenciesMeta:
      '@types/node':
        optional: true

  '@inquirer/rawlist@5.3.0':
    resolution: {integrity: sha512-p+vAeTAD+cGXjGleP1F5LXrX2ISxNDZm+lqeBpnJausNLSZskZZkcggwhomqP8Igx9oIjnoeOrw98xvdFvdm2w==}
    engines: {node: '>=23.5.0 || ^22.13.0 || ^21.7.0 || ^20.12.0'}
    peerDependencies:
      '@types/node': '>=18'
    peerDependenciesMeta:
      '@types/node':
        optional: true

  '@inquirer/search@4.2.0':
    resolution: {integrity: sha512-ByURoSGIaSl5O5Q0AmYmVmUsXbMUcBGNoA3FRL7TOyiA22IeFHymJKRkuILbOIlJwqnBk7AnPpseodyFUBzg+g==}
    engines: {node: '>=23.5.0 || ^22.13.0 || ^21.7.0 || ^20.12.0'}
    peerDependencies:
      '@types/node': '>=18'
    peerDependenciesMeta:
      '@types/node':
        optional: true

  '@inquirer/select@5.2.0':
    resolution: {integrity: sha512-6IzkcmEbEXfgVbxZ2d1UyJFbCBoc6dTofulFmrYuomIp88HXiVqRbqbg4/mbfZhvnNo6xYmnYo2AEmDof6fQkg==}
    engines: {node: '>=23.5.0 || ^22.13.0 || ^21.7.0 || ^20.12.0'}
    peerDependencies:
      '@types/node': '>=18'
    peerDependenciesMeta:
      '@types/node':
        optional: true

  '@inquirer/type@4.0.6':
    resolution: {integrity: sha512-J+9tdxOskuYuGjsvGaq00AamhDgjR7anhEW2dP4QdQpFCMPngCeC/bCYWQ5NsMWZRdsy53is7kAHb/+7cwDk2g==}
    engines: {node: '>=23.5.0 || ^22.13.0 || ^21.7.0 || ^20.12.0'}
    peerDependencies:
      '@types/node': '>=18'
    peerDependenciesMeta:
      '@types/node':
        optional: true

  '@types/node@25.9.1':
    resolution: {integrity: sha512-xfrlY7UD5rMJk3ZVJP8BNzS28J36YJg+xp+LPXV1TdWxr8uMH5A860QNxYDGQe/ylDSgjxE52Q9VnO7p75tJxg==}

  chardet@2.1.1:
    resolution: {integrity: sha512-PsezH1rqdV9VvyNhxxOW32/d75r01NY7TQCmOqomRo15ZSOKbpTFVsfjghxo6JloQUCGnH4k1LGu0R4yCLlWQQ==}

  cli-width@4.1.0:
    resolution: {integrity: sha512-ouuZd4/dm2Sw5Gmqy6bGyNNNe1qt9RpmxveLSO7KcgsTnU7RXfsw+/bukWGo1abgBiMAic068rclZsO4IWmmxQ==}
    engines: {node: '>= 12'}

  esbuild@0.28.0:
    resolution: {integrity: sha512-sNR9MHpXSUV/XB4zmsFKN+QgVG82Cc7+/aaxJ8Adi8hyOac+EXptIp45QBPaVyX3N70664wRbTcLTOemCAnyqw==}
    engines: {node: '>=18'}
    hasBin: true

  fast-string-truncated-width@3.0.3:
    resolution: {integrity: sha512-0jjjIEL6+0jag3l2XWWizO64/aZVtpiGE3t0Zgqxv0DPuxiMjvB3M24fCyhZUO4KomJQPj3LTSUnDP3GpdwC0g==}

  fast-string-width@3.0.2:
    resolution: {integrity: sha512-gX8LrtNEI5hq8DVUfRQMbr5lpaS4nMIWV+7XEbXk2b8kiQIizgnlr12B4dA3ZEx3308ze0O4Q1R+cHts8kyUJg==}

  fast-wrap-ansi@0.2.2:
    resolution: {integrity: sha512-7F2Fl+TjRSenLqlU3UjSH0iyqopqoZIu7eZVpEirP2g1GtWa2G/ecEmBdgz31+Mxr+ELclgg6sokpSFIQiZ02Q==}

  fsevents@2.3.3:
    resolution: {integrity: sha512-5xoDfX+fL7faATnagmWPpbFtwh/R77WmMMqqHGS65C3vvB0YHrgF+B1YmZ3441tMj5n63k0212XNoJwzlhffQw==}
    engines: {node: ^8.16.0 || ^10.6.0 || >=11.0.0}
    os: [darwin]

  iconv-lite@0.7.2:
    resolution: {integrity: sha512-im9DjEDQ55s9fL4EYzOAv0yMqmMBSZp6G0VvFyTMPKWxiSBHUj9NW/qqLmXUwXrrM7AvqSlTCfvqRb0cM8yYqw==}
    engines: {node: '>=0.10.0'}

  mute-stream@4.0.0:
    resolution: {integrity: sha512-gSrprq0fJ3EiOErzjdIZrjysVVmJ4uu1QWfCDss5LypA5OXvrMje5Ym5z6V6RLyJ2eF87lasX7t6a0AnFvZblg==}
    engines: {node: ^22.22.2 || ^24.15.0 || >=26.0.0}

  node@runtime:24.16.0:
    resolution:
      type: variations
      variants:
        - resolution:
            archive: tarball
            bin:
              node: bin/node
            integrity: sha256-MN/Y5EMiwnEoE/JeFjwlPK1TvkPgmJB7i1NIvxdKSWg=
            type: binary
            url: https://nodejs.org/download/release/v24.16.0/node-v24.16.0-aix-ppc64.tar.gz
          targets:
            - cpu: ppc64
              os: aix
        - resolution:
            archive: tarball
            bin:
              node: bin/node
            integrity: sha256-ORidq07rFXBsQkrwrAijBEyeSPfbEqfXf2t6r8fdXfY=
            type: binary
            url: https://nodejs.org/download/release/v24.16.0/node-v24.16.0-darwin-arm64.tar.gz
          targets:
            - cpu: arm64
              os: darwin
        - resolution:
            archive: tarball
            bin:
              node: bin/node
            integrity: sha256-KYtMezy4B2XIcD5CuQMkpOzjtmNJR7iedpw8mAq1UYU=
            type: binary
            url: https://nodejs.org/download/release/v24.16.0/node-v24.16.0-darwin-x64.tar.gz
          targets:
            - cpu: x64
              os: darwin
        - resolution:
            archive: tarball
            bin:
              node: bin/node
            integrity: sha256-WJ9bbdT8/uTf2nMBOQPJZquqir2T28nUNlRORytPDnQ=
            type: binary
            url: https://nodejs.org/download/release/v24.16.0/node-v24.16.0-linux-arm64.tar.gz
          targets:
            - cpu: arm64
              os: linux
        - resolution:
            archive: tarball
            bin:
              node: bin/node
            integrity: sha256-JStYIFNNwDBKKFQcmkRDfPpyAufyAiXSjUk5MsWOl6o=
            type: binary
            url: https://nodejs.org/download/release/v24.16.0/node-v24.16.0-linux-ppc64le.tar.gz
          targets:
            - cpu: ppc64le
              os: linux
        - resolution:
            archive: tarball
            bin:
              node: bin/node
            integrity: sha256-Vnrwl1s0BVFrmx3cZEKaI+yMWi+mzwE5EmGkzHdOPt0=
            type: binary
            url: https://nodejs.org/download/release/v24.16.0/node-v24.16.0-linux-s390x.tar.gz
          targets:
            - cpu: s390x
              os: linux
        - resolution:
            archive: tarball
            bin:
              node: bin/node
            integrity: sha256-L69qOH6bYriI4hxU8BJJ+ydTf/7PGELyn0yRnQpZoP8=
            type: binary
            url: https://nodejs.org/download/release/v24.16.0/node-v24.16.0-linux-x64.tar.gz
          targets:
            - cpu: x64
              os: linux
        - resolution:
            archive: zip
            bin:
              node: node.exe
            integrity: sha256-FINGEdTGs8BgVOcAdzK5BHTBbgsy85XgW1Wlce9xxtI=
            prefix: node-v24.16.0-win-arm64
            type: binary
            url: https://nodejs.org/download/release/v24.16.0/node-v24.16.0-win-arm64.zip
          targets:
            - cpu: arm64
              os: win32
        - resolution:
            archive: zip
            bin:
              node: node.exe
            integrity: sha256-7aypvVjsjpIDfaxOh31S9rj0MLgcGLV+JktOL7ERzVY=
            prefix: node-v24.16.0-win-x64
            type: binary
            url: https://nodejs.org/download/release/v24.16.0/node-v24.16.0-win-x64.zip
          targets:
            - cpu: x64
              os: win32
        - resolution:
            archive: tarball
            bin:
              node: bin/node
            integrity: sha256-hd3ieqc1A7A9rfoEEKgABntOP3Avt/yqO+ryhN/Maek=
            type: binary
            url: https://unofficial-builds.nodejs.org/download/release/v24.16.0/node-v24.16.0-linux-arm64-musl.tar.gz
          targets:
            - cpu: arm64
              os: linux
              libc: musl
        - resolution:
            archive: tarball
            bin:
              node: bin/node
            integrity: sha256-UN9djUdIktT3uQYWffNvd/W5OQj2PcUy3FaCGcq2WEE=
            type: binary
            url: https://unofficial-builds.nodejs.org/download/release/v24.16.0/node-v24.16.0-linux-x64-musl.tar.gz
          targets:
            - cpu: x64
              os: linux
              libc: musl
    version: 24.16.0
    hasBin: true

  safer-buffer@2.1.2:
    resolution: {integrity: sha512-YZo3K82SD7Riyi0E1EQPojLz7kpepnSQI9IyPbHHg1XXXevb5dJI7tpyN2ADxGcQbHG7vcyRHk0cbwqcQriUtg==}

  signal-exit@4.1.0:
    resolution: {integrity: sha512-bzyZ1e88w9O1iNJbKnOlvYTrWPDl46O1bG0D3XInv+9tkPrxrN8jUUTiFlDkkmKWgn1M6CfIA13SuGqOa9Korw==}
    engines: {node: '>=14'}

  tsx@4.22.3:
    resolution: {integrity: sha512-mdoNxBC/cSQObGGVQ5Bpn5i+yv7j68gk3Nfm3wFjcJg3Z0Mix9jzAFfP12prmm5eVGmDKtp0yyArrs0Q+8gZHg==}
    engines: {node: '>=18.0.0'}
    hasBin: true

  typescript@6.0.3:
    resolution: {integrity: sha512-y2TvuxSZPDyQakkFRPZHKFm+KKVqIisdg9/CZwm9ftvKXLP8NRWj38/ODjNbr43SsoXqNuAisEf1GdCxqWcdBw==}
    engines: {node: '>=14.17'}
    hasBin: true

  undici-types@7.24.6:
    resolution: {integrity: sha512-WRNW+sJgj5OBN4/0JpHFqtqzhpbnV0GuB+OozA9gCL7a993SmU+1JBZCzLNxYsbMfIeDL+lTsphD5jN5N+n0zg==}

snapshots:

  '@esbuild/aix-ppc64@0.28.0':
    optional: true

  '@esbuild/android-arm64@0.28.0':
    optional: true

  '@esbuild/android-arm@0.28.0':
    optional: true

  '@esbuild/android-x64@0.28.0':
    optional: true

  '@esbuild/darwin-arm64@0.28.0':
    optional: true

  '@esbuild/darwin-x64@0.28.0':
    optional: true

  '@esbuild/freebsd-arm64@0.28.0':
    optional: true

  '@esbuild/freebsd-x64@0.28.0':
    optional: true

  '@esbuild/linux-arm64@0.28.0':
    optional: true

  '@esbuild/linux-arm@0.28.0':
    optional: true

  '@esbuild/linux-ia32@0.28.0':
    optional: true

  '@esbuild/linux-loong64@0.28.0':
    optional: true

  '@esbuild/linux-mips64el@0.28.0':
    optional: true

  '@esbuild/linux-ppc64@0.28.0':
    optional: true

  '@esbuild/linux-riscv64@0.28.0':
    optional: true

  '@esbuild/linux-s390x@0.28.0':
    optional: true

  '@esbuild/linux-x64@0.28.0':
    optional: true

  '@esbuild/netbsd-arm64@0.28.0':
    optional: true

  '@esbuild/netbsd-x64@0.28.0':
    optional: true

  '@esbuild/openbsd-arm64@0.28.0':
    optional: true

  '@esbuild/openbsd-x64@0.28.0':
    optional: true

  '@esbuild/openharmony-arm64@0.28.0':
    optional: true

  '@esbuild/sunos-x64@0.28.0':
    optional: true

  '@esbuild/win32-arm64@0.28.0':
    optional: true

  '@esbuild/win32-ia32@0.28.0':
    optional: true

  '@esbuild/win32-x64@0.28.0':
    optional: true

  '@inquirer/ansi@2.0.6': {}

  '@inquirer/checkbox@5.2.0(@types/node@25.9.1)':
    dependencies:
      '@inquirer/ansi': 2.0.6
      '@inquirer/core': 11.2.0(@types/node@25.9.1)
      '@inquirer/figures': 2.0.6
      '@inquirer/type': 4.0.6(@types/node@25.9.1)
    optionalDependencies:
      '@types/node': 25.9.1

  '@inquirer/confirm@6.1.0(@types/node@25.9.1)':
    dependencies:
      '@inquirer/core': 11.2.0(@types/node@25.9.1)
      '@inquirer/type': 4.0.6(@types/node@25.9.1)
    optionalDependencies:
      '@types/node': 25.9.1

  '@inquirer/core@11.2.0(@types/node@25.9.1)':
    dependencies:
      '@inquirer/ansi': 2.0.6
      '@inquirer/figures': 2.0.6
      '@inquirer/type': 4.0.6(@types/node@25.9.1)
      cli-width: 4.1.0
      fast-wrap-ansi: 0.2.2
      mute-stream: 4.0.0
      signal-exit: 4.1.0
    optionalDependencies:
      '@types/node': 25.9.1

  '@inquirer/editor@5.2.0(@types/node@25.9.1)':
    dependencies:
      '@inquirer/core': 11.2.0(@types/node@25.9.1)
      '@inquirer/external-editor': 3.0.1(@types/node@25.9.1)
      '@inquirer/type': 4.0.6(@types/node@25.9.1)
    optionalDependencies:
      '@types/node': 25.9.1

  '@inquirer/expand@5.1.0(@types/node@25.9.1)':
    dependencies:
      '@inquirer/core': 11.2.0(@types/node@25.9.1)
      '@inquirer/type': 4.0.6(@types/node@25.9.1)
    optionalDependencies:
      '@types/node': 25.9.1

  '@inquirer/external-editor@3.0.1(@types/node@25.9.1)':
    dependencies:
      chardet: 2.1.1
      iconv-lite: 0.7.2
    optionalDependencies:
      '@types/node': 25.9.1

  '@inquirer/figures@2.0.6': {}

  '@inquirer/input@5.1.0(@types/node@25.9.1)':
    dependencies:
      '@inquirer/core': 11.2.0(@types/node@25.9.1)
      '@inquirer/type': 4.0.6(@types/node@25.9.1)
    optionalDependencies:
      '@types/node': 25.9.1

  '@inquirer/number@4.1.0(@types/node@25.9.1)':
    dependencies:
      '@inquirer/core': 11.2.0(@types/node@25.9.1)
      '@inquirer/type': 4.0.6(@types/node@25.9.1)
    optionalDependencies:
      '@types/node': 25.9.1

  '@inquirer/password@5.1.0(@types/node@25.9.1)':
    dependencies:
      '@inquirer/ansi': 2.0.6
      '@inquirer/core': 11.2.0(@types/node@25.9.1)
      '@inquirer/type': 4.0.6(@types/node@25.9.1)
    optionalDependencies:
      '@types/node': 25.9.1

  '@inquirer/prompts@8.5.0(@types/node@25.9.1)':
    dependencies:
      '@inquirer/checkbox': 5.2.0(@types/node@25.9.1)
      '@inquirer/confirm': 6.1.0(@types/node@25.9.1)
      '@inquirer/editor': 5.2.0(@types/node@25.9.1)
      '@inquirer/expand': 5.1.0(@types/node@25.9.1)
      '@inquirer/input': 5.1.0(@types/node@25.9.1)
      '@inquirer/number': 4.1.0(@types/node@25.9.1)
      '@inquirer/password': 5.1.0(@types/node@25.9.1)
      '@inquirer/rawlist': 5.3.0(@types/node@25.9.1)
      '@inquirer/search': 4.2.0(@types/node@25.9.1)
      '@inquirer/select': 5.2.0(@types/node@25.9.1)
    optionalDependencies:
      '@types/node': 25.9.1

  '@inquirer/rawlist@5.3.0(@types/node@25.9.1)':
    dependencies:
      '@inquirer/core': 11.2.0(@types/node@25.9.1)
      '@inquirer/type': 4.0.6(@types/node@25.9.1)
    optionalDependencies:
      '@types/node': 25.9.1

  '@inquirer/search@4.2.0(@types/node@25.9.1)':
    dependencies:
      '@inquirer/core': 11.2.0(@types/node@25.9.1)
      '@inquirer/figures': 2.0.6
      '@inquirer/type': 4.0.6(@types/node@25.9.1)
    optionalDependencies:
      '@types/node': 25.9.1

  '@inquirer/select@5.2.0(@types/node@25.9.1)':
    dependencies:
      '@inquirer/ansi': 2.0.6
      '@inquirer/core': 11.2.0(@types/node@25.9.1)
      '@inquirer/figures': 2.0.6
      '@inquirer/type': 4.0.6(@types/node@25.9.1)
    optionalDependencies:
      '@types/node': 25.9.1

  '@inquirer/type@4.0.6(@types/node@25.9.1)':
    optionalDependencies:
      '@types/node': 25.9.1

  '@types/node@25.9.1':
    dependencies:
      undici-types: 7.24.6

  chardet@2.1.1: {}

  cli-width@4.1.0: {}

  esbuild@0.28.0:
    optionalDependencies:
      '@esbuild/aix-ppc64': 0.28.0
      '@esbuild/android-arm': 0.28.0
      '@esbuild/android-arm64': 0.28.0
      '@esbuild/android-x64': 0.28.0
      '@esbuild/darwin-arm64': 0.28.0
      '@esbuild/darwin-x64': 0.28.0
      '@esbuild/freebsd-arm64': 0.28.0
      '@esbuild/freebsd-x64': 0.28.0
      '@esbuild/linux-arm': 0.28.0
      '@esbuild/linux-arm64': 0.28.0
      '@esbuild/linux-ia32': 0.28.0
      '@esbuild/linux-loong64': 0.28.0
      '@esbuild/linux-mips64el': 0.28.0
      '@esbuild/linux-ppc64': 0.28.0
      '@esbuild/linux-riscv64': 0.28.0
      '@esbuild/linux-s390x': 0.28.0
      '@esbuild/linux-x64': 0.28.0
      '@esbuild/netbsd-arm64': 0.28.0
      '@esbuild/netbsd-x64': 0.28.0
      '@esbuild/openbsd-arm64': 0.28.0
      '@esbuild/openbsd-x64': 0.28.0
      '@esbuild/openharmony-arm64': 0.28.0
      '@esbuild/sunos-x64': 0.28.0
      '@esbuild/win32-arm64': 0.28.0
      '@esbuild/win32-ia32': 0.28.0
      '@esbuild/win32-x64': 0.28.0

  fast-string-truncated-width@3.0.3: {}

  fast-string-width@3.0.2:
    dependencies:
      fast-string-truncated-width: 3.0.3

  fast-wrap-ansi@0.2.2:
    dependencies:
      fast-string-width: 3.0.2

  fsevents@2.3.3:
    optional: true

  iconv-lite@0.7.2:
    dependencies:
      safer-buffer: 2.1.2

  mute-stream@4.0.0: {}

  node@runtime:24.16.0: {}

  safer-buffer@2.1.2: {}

  signal-exit@4.1.0: {}

  tsx@4.22.3:
    dependencies:
      esbuild: 0.28.0
    optionalDependencies:
      fsevents: 2.3.3

  typescript@6.0.3: {}

  undici-types@7.24.6: {}

time:
  '@inquirer/prompts@8.5.0': '2026-05-25T19:47:39.228Z'
  '@types/node@25.9.1': '2026-05-19T17:49:12.417Z'
  tsx@4.22.3: '2026-05-19T09:53:00.670Z'
  typescript@6.0.3: '2026-04-16T23:38:27.905Z'
