{
  "name": "system-tests",
  "version": "1.0.0",
  "lockfileVersion": 2,
  "requires": true,
  "packages": {
    "": {
      "name": "system-tests",
      "version": "1.0.0",
      "dependencies": {
        "@axe-core/playwright": "^4.5.2",
        "axe-core": "^4.5.2"
      },
      "devDependencies": {
        "@playwright/test": "^1.28.1",
        "@types/node": "^18.11.13",
        "playwright": "^1.28.1",
        "typescript": "^4.9.4"
      }
    },
    "node_modules/@axe-core/playwright": {
      "version": "4.5.2",
      "resolved": "https://registry.npmjs.org/@axe-core/playwright/-/playwright-4.5.2.tgz",
      "integrity": "sha512-RXdnUeroQwLoIoxxZNKBy/2FsjOrgYsiIrSdZkRfVVWFudTgatncc9izyMZ40ou+nw/d1zi/WPCjrLUI6TZBBA==",
      "dependencies": {
        "axe-core": "^4.5.2"
      },
      "peerDependencies": {
        "playwright": ">= 1.0.0"
      }
    },
    "node_modules/@playwright/test": {
      "version": "1.28.1",
      "resolved": "https://registry.npmjs.org/@playwright/test/-/test-1.28.1.tgz",
      "integrity": "sha512-xN6spdqrNlwSn9KabIhqfZR7IWjPpFK1835tFNgjrlysaSezuX8PYUwaz38V/yI8TJLG9PkAMEXoHRXYXlpTPQ==",
      "dev": true,
      "dependencies": {
        "@types/node": "*",
        "playwright-core": "1.28.1"
      },
      "bin": {
        "playwright": "cli.js"
      },
      "engines": {
        "node": ">=14"
      }
    },
    "node_modules/@types/node": {
      "version": "18.11.13",
      "resolved": "https://registry.npmjs.org/@types/node/-/node-18.11.13.tgz",
      "integrity": "sha512-IASpMGVcWpUsx5xBOrxMj7Bl8lqfuTY7FKAnPmu5cHkfQVWF8GulWS1jbRqA934qZL35xh5xN/+Xe/i26Bod4w==",
      "dev": true
    },
    "node_modules/axe-core": {
      "version": "4.5.2",
      "resolved": "https://registry.npmjs.org/axe-core/-/axe-core-4.5.2.tgz",
      "integrity": "sha512-u2MVsXfew5HBvjsczCv+xlwdNnB1oQR9HlAcsejZttNjKKSkeDNVwB1vMThIUIFI9GoT57Vtk8iQLwqOfAkboA==",
      "engines": {
        "node": ">=4"
      }
    },
    "node_modules/playwright": {
      "version": "1.28.1",
      "resolved": "https://registry.npmjs.org/playwright/-/playwright-1.28.1.tgz",
      "integrity": "sha512-92Sz6XBlfHlb9tK5UCDzIFAuIkHHpemA9zwUaqvo+w7sFMSmVMGmvKcbptof/eJObq63PGnMhM75x7qxhTR78Q==",
      "hasInstallScript": true,
      "dependencies": {
        "playwright-core": "1.28.1"
      },
      "bin": {
        "playwright": "cli.js"
      },
      "engines": {
        "node": ">=14"
      }
    },
    "node_modules/playwright-core": {
      "version": "1.28.1",
      "resolved": "https://registry.npmjs.org/playwright-core/-/playwright-core-1.28.1.tgz",
      "integrity": "sha512-3PixLnGPno0E8rSBJjtwqTwJe3Yw72QwBBBxNoukIj3lEeBNXwbNiKrNuB1oyQgTBw5QHUhNO3SteEtHaMK6ag==",
      "bin": {
        "playwright": "cli.js"
      },
      "engines": {
        "node": ">=14"
      }
    },
    "node_modules/typescript": {
      "version": "4.9.4",
      "resolved": "https://registry.npmjs.org/typescript/-/typescript-4.9.4.tgz",
      "integrity": "sha512-Uz+dTXYzxXXbsFpM86Wh3dKCxrQqUcVMxwU54orwlJjOpO3ao8L7j5lH+dWfTwgCwIuM9GQ2kvVotzYJMXTBZg==",
      "dev": true,
      "bin": {
        "tsc": "bin/tsc",
        "tsserver": "bin/tsserver"
      },
      "engines": {
        "node": ">=4.2.0"
      }
    }
  },
  "dependencies": {
    "@axe-core/playwright": {
      "version": "4.5.2",
      "resolved": "https://registry.npmjs.org/@axe-core/playwright/-/playwright-4.5.2.tgz",
      "integrity": "sha512-RXdnUeroQwLoIoxxZNKBy/2FsjOrgYsiIrSdZkRfVVWFudTgatncc9izyMZ40ou+nw/d1zi/WPCjrLUI6TZBBA==",
      "requires": {
        "axe-core": "^4.5.2"
      }
    },
    "@playwright/test": {
      "version": "1.28.1",
      "resolved": "https://registry.npmjs.org/@playwright/test/-/test-1.28.1.tgz",
      "integrity": "sha512-xN6spdqrNlwSn9KabIhqfZR7IWjPpFK1835tFNgjrlysaSezuX8PYUwaz38V/yI8TJLG9PkAMEXoHRXYXlpTPQ==",
      "dev": true,
      "requires": {
        "@types/node": "*",
        "playwright-core": "1.28.1"
      }
    },
    "@types/node": {
      "version": "18.11.13",
      "resolved": "https://registry.npmjs.org/@types/node/-/node-18.11.13.tgz",
      "integrity": "sha512-IASpMGVcWpUsx5xBOrxMj7Bl8lqfuTY7FKAnPmu5cHkfQVWF8GulWS1jbRqA934qZL35xh5xN/+Xe/i26Bod4w==",
      "dev": true
    },
    "axe-core": {
      "version": "4.5.2",
      "resolved": "https://registry.npmjs.org/axe-core/-/axe-core-4.5.2.tgz",
      "integrity": "sha512-u2MVsXfew5HBvjsczCv+xlwdNnB1oQR9HlAcsejZttNjKKSkeDNVwB1vMThIUIFI9GoT57Vtk8iQLwqOfAkboA=="
    },
    "playwright": {
      "version": "1.28.1",
      "resolved": "https://registry.npmjs.org/playwright/-/playwright-1.28.1.tgz",
      "integrity": "sha512-92Sz6XBlfHlb9tK5UCDzIFAuIkHHpemA9zwUaqvo+w7sFMSmVMGmvKcbptof/eJObq63PGnMhM75x7qxhTR78Q==",
      "requires": {
        "playwright-core": "1.28.1"
      }
    },
    "playwright-core": {
      "version": "1.28.1",
      "resolved": "https://registry.npmjs.org/playwright-core/-/playwright-core-1.28.1.tgz",
      "integrity": "sha512-3PixLnGPno0E8rSBJjtwqTwJe3Yw72QwBBBxNoukIj3lEeBNXwbNiKrNuB1oyQgTBw5QHUhNO3SteEtHaMK6ag=="
    },
    "typescript": {
      "version": "4.9.4",
      "resolved": "https://registry.npmjs.org/typescript/-/typescript-4.9.4.tgz",
      "integrity": "sha512-Uz+dTXYzxXXbsFpM86Wh3dKCxrQqUcVMxwU54orwlJjOpO3ao8L7j5lH+dWfTwgCwIuM9GQ2kvVotzYJMXTBZg==",
      "dev": true
    }
  }
}
