lockfileVersion: '9.0'

settings:
  autoInstallPeers: true
  excludeLinksFromLockfile: false

importers:

  .:
    dependencies:
      '@axe-core/playwright':
        specifier: ^4.10.2
        version: 4.10.2(playwright-core@1.55.1)
      axe-core:
        specifier: ^4.10.3
        version: 4.10.3
      js-yaml:
        specifier: ^4.1.0
        version: 4.1.0
      png-metadata:
        specifier: ^1.0.2
        version: 1.0.2
      tar-fs:
        specifier: ^3.1.0
        version: 3.1.1
      which:
        specifier: ^5.0.0
        version: 5.0.0
    devDependencies:
      '@playwright/browser-chromium':
        specifier: ^1.54.2
        version: 1.55.1
      '@playwright/test':
        specifier: ^1.54.2
        version: 1.55.1
      '@types/js-yaml':
        specifier: ^4.0.9
        version: 4.0.9
      '@types/node':
        specifier: ^24.1.0
        version: 24.5.2
      '@types/tar-fs':
        specifier: ^2.0.4
        version: 2.0.4
      '@types/which':
        specifier: ^3.0.4
        version: 3.0.4
      playwright:
        specifier: ^1.54.2
        version: 1.55.1
      typescript:
        specifier: ^5.9.2
        version: 5.9.2

packages:

  '@axe-core/playwright@4.10.2':
    resolution: {integrity: sha512-6/b5BJjG6hDaRNtgzLIfKr5DfwyiLHO4+ByTLB0cJgWSM8Ll7KqtdblIS6bEkwSF642/Ex91vNqIl3GLXGlceg==}
    peerDependencies:
      playwright-core: '>= 1.0.0'

  '@playwright/browser-chromium@1.55.1':
    resolution: {integrity: sha512-T4Iyhcv38bdOrtCxpjHA6WaQk4EHeud38J+SnLaOoIuGFPK7zNgSqEuilqTGB6xqfcVHYKHWePkXcYFVOux8ew==}
    engines: {node: '>=18'}

  '@playwright/test@1.55.1':
    resolution: {integrity: sha512-IVAh/nOJaw6W9g+RJVlIQJ6gSiER+ae6mKQ5CX1bERzQgbC1VSeBlwdvczT7pxb0GWiyrxH4TGKbMfDb4Sq/ig==}
    engines: {node: '>=18'}
    hasBin: true

  '@types/js-yaml@4.0.9':
    resolution: {integrity: sha512-k4MGaQl5TGo/iipqb2UDG2UwjXziSWkh0uysQelTlJpX1qGlpUZYm8PnO4DxG1qBomtJUdYJ6qR6xdIah10JLg==}

  '@types/node@24.5.2':
    resolution: {integrity: sha512-FYxk1I7wPv3K2XBaoyH2cTnocQEu8AOZ60hPbsyukMPLv5/5qr7V1i8PLHdl6Zf87I+xZXFvPCXYjiTFq+YSDQ==}

  '@types/tar-fs@2.0.4':
    resolution: {integrity: sha512-ipPec0CjTmVDWE+QKr9cTmIIoTl7dFG/yARCM5MqK8i6CNLIG1P8x4kwDsOQY1ChZOZjH0wO9nvfgBvWl4R3kA==}

  '@types/tar-stream@3.1.4':
    resolution: {integrity: sha512-921gW0+g29mCJX0fRvqeHzBlE/XclDaAG0Ousy1LCghsOhvaKacDeRGEVzQP9IPfKn8Vysy7FEXAIxycpc/CMg==}

  '@types/which@3.0.4':
    resolution: {integrity: sha512-liyfuo/106JdlgSchJzXEQCVArk0CvevqPote8F8HgWgJ3dRCcTHgJIsLDuee0kxk/mhbInzIZk3QWSZJ8R+2w==}

  argparse@2.0.1:
    resolution: {integrity: sha512-8+9WqebbFzpX9OR+Wa6O29asIogeRMzcGtAINdpMHHyAg10f05aSFVBbcEqGf/PXw1EjAZ+q2/bEBg3DvurK3Q==}

  axe-core@4.10.3:
    resolution: {integrity: sha512-Xm7bpRXnDSX2YE2YFfBk2FnF0ep6tmG7xPh8iHee8MIcrgq762Nkce856dYtJYLkuIoYZvGfTs/PbZhideTcEg==}
    engines: {node: '>=4'}

  b4a@1.7.3:
    resolution: {integrity: sha512-5Q2mfq2WfGuFp3uS//0s6baOJLMoVduPYVeNmDYxu5OUA1/cBfvr2RIS7vi62LdNj/urk1hfmj867I3qt6uZ7Q==}
    peerDependencies:
      react-native-b4a: '*'
    peerDependenciesMeta:
      react-native-b4a:
        optional: true

  bare-events@2.7.0:
    resolution: {integrity: sha512-b3N5eTW1g7vXkw+0CXh/HazGTcO5KYuu/RCNaJbDMPI6LHDi+7qe8EmxKUVe1sUbY2KZOVZFyj62x0OEz9qyAA==}

  bare-fs@4.4.5:
    resolution: {integrity: sha512-TCtu93KGLu6/aiGWzMr12TmSRS6nKdfhAnzTQRbXoSWxkbb9eRd53jQ51jG7g1gYjjtto3hbBrrhzg6djcgiKg==}
    engines: {bare: '>=1.16.0'}
    peerDependencies:
      bare-buffer: '*'
    peerDependenciesMeta:
      bare-buffer:
        optional: true

  bare-os@3.6.2:
    resolution: {integrity: sha512-T+V1+1srU2qYNBmJCXZkUY5vQ0B4FSlL3QDROnKQYOqeiQR8UbjNHlPa+TIbM4cuidiN9GaTaOZgSEgsvPbh5A==}
    engines: {bare: '>=1.14.0'}

  bare-path@3.0.0:
    resolution: {integrity: sha512-tyfW2cQcB5NN8Saijrhqn0Zh7AnFNsnczRcuWODH0eYAXBsJ5gVxAUuNr7tsHSC6IZ77cA0SitzT+s47kot8Mw==}

  bare-stream@2.7.0:
    resolution: {integrity: sha512-oyXQNicV1y8nc2aKffH+BUHFRXmx6VrPzlnaEvMhram0nPBrKcEdcyBg5r08D0i8VxngHFAiVyn1QKXpSG0B8A==}
    peerDependencies:
      bare-buffer: '*'
      bare-events: '*'
    peerDependenciesMeta:
      bare-buffer:
        optional: true
      bare-events:
        optional: true

  bare-url@2.2.2:
    resolution: {integrity: sha512-g+ueNGKkrjMazDG3elZO1pNs3HY5+mMmOet1jtKyhOaCnkLzitxf26z7hoAEkDNgdNmnc1KIlt/dw6Po6xZMpA==}

  end-of-stream@1.4.5:
    resolution: {integrity: sha512-ooEGc6HP26xXq/N+GCGOT0JKCLDGrq2bQUZrQ7gyrJiZANJ/8YDTxTpQBXGMn+WbIQXNVpyWymm7KYVICQnyOg==}

  events-universal@1.0.1:
    resolution: {integrity: sha512-LUd5euvbMLpwOF8m6ivPCbhQeSiYVNb8Vs0fQ8QjXo0JTkEHpz8pxdQf0gStltaPpw0Cca8b39KxvK9cfKRiAw==}

  fast-fifo@1.3.2:
    resolution: {integrity: sha512-/d9sfos4yxzpwkDkuN7k2SqFKtYNmCTzgfEpz82x34IM9/zc8KGxQoXg1liNC/izpRM/MBdt44Nmx41ZWqk+FQ==}

  fsevents@2.3.2:
    resolution: {integrity: sha512-xiqMQR4xAeHTuB9uWm+fFRcIOgKBMiOBP+eXiyT7jsgVCq1bkVygt00oASowB7EdtpOHaaPgKt812P9ab+DDKA==}
    engines: {node: ^8.16.0 || ^10.6.0 || >=11.0.0}
    os: [darwin]

  isexe@3.1.1:
    resolution: {integrity: sha512-LpB/54B+/2J5hqQ7imZHfdU31OlgQqx7ZicVlkm9kzg9/w8GKLEcFfJl/t7DCEDueOyBAD6zCCwTO6Fzs0NoEQ==}
    engines: {node: '>=16'}

  js-yaml@4.1.0:
    resolution: {integrity: sha512-wpxZs9NoxZaJESJGIZTyDEaYpl0FKSA+FB9aJiyemKhMwkxQg63h4T1KJgUGHpTqPDNRcmmYLugrRjJlBtWvRA==}
    hasBin: true

  once@1.4.0:
    resolution: {integrity: sha512-lNaJgI+2Q5URQBkccEKHTQOPaXdUxnZZElQTZY0MFUAuaEqe1E+Nyvgdz/aIyNi6Z9MzO5dv1H8n58/GELp3+w==}

  playwright-core@1.55.1:
    resolution: {integrity: sha512-Z6Mh9mkwX+zxSlHqdr5AOcJnfp+xUWLCt9uKV18fhzA8eyxUd8NUWzAjxUh55RZKSYwDGX0cfaySdhZJGMoJ+w==}
    engines: {node: '>=18'}
    hasBin: true

  playwright@1.55.1:
    resolution: {integrity: sha512-cJW4Xd/G3v5ovXtJJ52MAOclqeac9S/aGGgRzLabuF8TnIb6xHvMzKIa6JmrRzUkeXJgfL1MhukP0NK6l39h3A==}
    engines: {node: '>=18'}
    hasBin: true

  png-metadata@1.0.2:
    resolution: {integrity: sha512-9evMsSVWxOlMmL/LtFo1LPxixyNg6KmFYIUZ/zdh4GF0kcc9cy7kRmXpCwrLMeh1+kaxFGmbk3WCHKEezSu2Bw==}

  pump@3.0.3:
    resolution: {integrity: sha512-todwxLMY7/heScKmntwQG8CXVkWUOdYxIvY2s0VWAAMh/nd8SoYiRaKjlr7+iCs984f2P8zvrfWcDDYVb73NfA==}

  streamx@2.23.0:
    resolution: {integrity: sha512-kn+e44esVfn2Fa/O0CPFcex27fjIL6MkVae0Mm6q+E6f0hWv578YCERbv+4m02cjxvDsPKLnmxral/rR6lBMAg==}

  tar-fs@3.1.1:
    resolution: {integrity: sha512-LZA0oaPOc2fVo82Txf3gw+AkEd38szODlptMYejQUhndHMLQ9M059uXR+AfS7DNo0NpINvSqDsvyaCrBVkptWg==}

  tar-stream@3.1.7:
    resolution: {integrity: sha512-qJj60CXt7IU1Ffyc3NJMjh6EkuCFej46zUqJ4J7pqYlThyd9bO0XBTmcOIhSzZJVWfsLks0+nle/j538YAW9RQ==}

  text-decoder@1.2.3:
    resolution: {integrity: sha512-3/o9z3X0X0fTupwsYvR03pJ/DjWuqqrfwBgTQzdWDiQSm9KitAyz/9WqsT2JQW7KV2m+bC2ol/zqpW37NHxLaA==}

  typescript@5.9.2:
    resolution: {integrity: sha512-CWBzXQrc/qOkhidw1OzBTQuYRbfyxDXJMVJ1XNwUHGROVmuaeiEm3OslpZ1RV96d7SKKjZKrSJu3+t/xlw3R9A==}
    engines: {node: '>=14.17'}
    hasBin: true

  undici-types@7.12.0:
    resolution: {integrity: sha512-goOacqME2GYyOZZfb5Lgtu+1IDmAlAEu5xnD3+xTzS10hT0vzpf0SPjkXwAw9Jm+4n/mQGDP3LO8CPbYROeBfQ==}

  which@5.0.0:
    resolution: {integrity: sha512-JEdGzHwwkrbWoGOlIHqQ5gtprKGOenpDHpxE9zVR1bWbOtYRyPPHMe9FaP6x61CmNaTThSkb0DAJte5jD+DmzQ==}
    engines: {node: ^18.17.0 || >=20.5.0}
    hasBin: true

  wrappy@1.0.2:
    resolution: {integrity: sha512-l4Sp/DRseor9wL6EvV2+TuQn63dMkPjZ/sp9XkghTEbV9KlPS1xUsZ3u7/IQO4wxtcFB4bgpQPRcR3QCvezPcQ==}

snapshots:

  '@axe-core/playwright@4.10.2(playwright-core@1.55.1)':
    dependencies:
      axe-core: 4.10.3
      playwright-core: 1.55.1

  '@playwright/browser-chromium@1.55.1':
    dependencies:
      playwright-core: 1.55.1

  '@playwright/test@1.55.1':
    dependencies:
      playwright: 1.55.1

  '@types/js-yaml@4.0.9': {}

  '@types/node@24.5.2':
    dependencies:
      undici-types: 7.12.0

  '@types/tar-fs@2.0.4':
    dependencies:
      '@types/node': 24.5.2
      '@types/tar-stream': 3.1.4

  '@types/tar-stream@3.1.4':
    dependencies:
      '@types/node': 24.5.2

  '@types/which@3.0.4': {}

  argparse@2.0.1: {}

  axe-core@4.10.3: {}

  b4a@1.7.3: {}

  bare-events@2.7.0: {}

  bare-fs@4.4.5:
    dependencies:
      bare-events: 2.7.0
      bare-path: 3.0.0
      bare-stream: 2.7.0(bare-events@2.7.0)
      bare-url: 2.2.2
      fast-fifo: 1.3.2
    transitivePeerDependencies:
      - react-native-b4a
    optional: true

  bare-os@3.6.2:
    optional: true

  bare-path@3.0.0:
    dependencies:
      bare-os: 3.6.2
    optional: true

  bare-stream@2.7.0(bare-events@2.7.0):
    dependencies:
      streamx: 2.23.0
    optionalDependencies:
      bare-events: 2.7.0
    transitivePeerDependencies:
      - react-native-b4a
    optional: true

  bare-url@2.2.2:
    dependencies:
      bare-path: 3.0.0
    optional: true

  end-of-stream@1.4.5:
    dependencies:
      once: 1.4.0

  events-universal@1.0.1:
    dependencies:
      bare-events: 2.7.0

  fast-fifo@1.3.2: {}

  fsevents@2.3.2:
    optional: true

  isexe@3.1.1: {}

  js-yaml@4.1.0:
    dependencies:
      argparse: 2.0.1

  once@1.4.0:
    dependencies:
      wrappy: 1.0.2

  playwright-core@1.55.1: {}

  playwright@1.55.1:
    dependencies:
      playwright-core: 1.55.1
    optionalDependencies:
      fsevents: 2.3.2

  png-metadata@1.0.2: {}

  pump@3.0.3:
    dependencies:
      end-of-stream: 1.4.5
      once: 1.4.0

  streamx@2.23.0:
    dependencies:
      events-universal: 1.0.1
      fast-fifo: 1.3.2
      text-decoder: 1.2.3
    transitivePeerDependencies:
      - react-native-b4a

  tar-fs@3.1.1:
    dependencies:
      pump: 3.0.3
      tar-stream: 3.1.7
    optionalDependencies:
      bare-fs: 4.4.5
      bare-path: 3.0.0
    transitivePeerDependencies:
      - bare-buffer
      - react-native-b4a

  tar-stream@3.1.7:
    dependencies:
      b4a: 1.7.3
      fast-fifo: 1.3.2
      streamx: 2.23.0
    transitivePeerDependencies:
      - react-native-b4a

  text-decoder@1.2.3:
    dependencies:
      b4a: 1.7.3
    transitivePeerDependencies:
      - react-native-b4a

  typescript@5.9.2: {}

  undici-types@7.12.0: {}

  which@5.0.0:
    dependencies:
      isexe: 3.1.1

  wrappy@1.0.2: {}
