lockfileVersion: '9.0'

settings:
  autoInstallPeers: true
  excludeLinksFromLockfile: false

importers:

  .:
    dependencies:
      '@axe-core/playwright':
        specifier: ^4.12.1
        version: 4.12.1(playwright-core@1.61.1)
      axe-core:
        specifier: ^4.12.1
        version: 4.12.1
      jose:
        specifier: ^6.2.3
        version: 6.2.3
      js-yaml:
        specifier: ^5.1.0
        version: 5.1.0
      png-metadata:
        specifier: ^1.0.2
        version: 1.0.2
      tar-fs:
        specifier: ^3.1.2
        version: 3.1.2
      which:
        specifier: ^7.0.0
        version: 7.0.0
    devDependencies:
      '@playwright/browser-chromium':
        specifier: ^1.61.1
        version: 1.61.1
      '@playwright/test':
        specifier: ^1.61.1
        version: 1.61.1
      '@types/js-yaml':
        specifier: ^4.0.9
        version: 4.0.9
      '@types/node':
        specifier: ^26.0.0
        version: 26.0.0
      '@types/tar-fs':
        specifier: ^2.0.4
        version: 2.0.4
      '@types/which':
        specifier: ^3.0.4
        version: 3.0.4
      node:
        specifier: runtime:24.18.0
        version: runtime:24.18.0
      playwright:
        specifier: ^1.61.1
        version: 1.61.1
      typescript:
        specifier: ^6.0.3
        version: 6.0.3

packages:

  '@axe-core/playwright@4.12.1':
    resolution: {integrity: sha512-rMd7xriptqKpP+w5265i4Hdkv2X5kbu6uiBi/B2I7uf3hieRBM3qDCfaKPtxfiYb2mKXfF+yLODJwIx+Jv1GDw==}
    peerDependencies:
      playwright-core: '>= 1.0.0'

  '@playwright/browser-chromium@1.61.1':
    resolution: {integrity: sha512-t3/zE0i9gik5R/NpRs7G2Xo/6NPeABW6ReplGdtkeWeAkaV764CgFgoKjJo21D2xgjnvDvRYubqBUu4xl0VCqA==}
    engines: {node: '>=18'}

  '@playwright/test@1.61.1':
    resolution: {integrity: sha512-8nKv6+0RJSL9FE4jYOEGXnPeM/Hg12qZpmqzZjRh3qM0Y7c3z1mrOTfFLids72RDQYVh9WpLEfR5WdpNX4fkig==}
    engines: {node: '>=18'}
    hasBin: true

  '@types/js-yaml@4.0.9':
    resolution: {integrity: sha512-k4MGaQl5TGo/iipqb2UDG2UwjXziSWkh0uysQelTlJpX1qGlpUZYm8PnO4DxG1qBomtJUdYJ6qR6xdIah10JLg==}

  '@types/node@26.0.0':
    resolution: {integrity: sha512-vf2YFi1iY9lHGwNJMs01biZFbKJkrZR1T6/MlzjhJLPdntOHLhTrDSnSVcdtvjihi4VQNlrFRIxLsDBlQpAipA==}

  '@types/tar-fs@2.0.4':
    resolution: {integrity: sha512-ipPec0CjTmVDWE+QKr9cTmIIoTl7dFG/yARCM5MqK8i6CNLIG1P8x4kwDsOQY1ChZOZjH0wO9nvfgBvWl4R3kA==}

  '@types/tar-stream@3.1.4':
    resolution: {integrity: sha512-921gW0+g29mCJX0fRvqeHzBlE/XclDaAG0Ousy1LCghsOhvaKacDeRGEVzQP9IPfKn8Vysy7FEXAIxycpc/CMg==}

  '@types/which@3.0.4':
    resolution: {integrity: sha512-liyfuo/106JdlgSchJzXEQCVArk0CvevqPote8F8HgWgJ3dRCcTHgJIsLDuee0kxk/mhbInzIZk3QWSZJ8R+2w==}

  argparse@2.0.1:
    resolution: {integrity: sha512-8+9WqebbFzpX9OR+Wa6O29asIogeRMzcGtAINdpMHHyAg10f05aSFVBbcEqGf/PXw1EjAZ+q2/bEBg3DvurK3Q==}

  axe-core@4.12.1:
    resolution: {integrity: sha512-s7iGf5GaVMxEG0ENN9x+xTr7GFZCb1ZP/1uATUpCEK2X78nDB3RwbtFCo9pGAf9ru+VwoQ464DkaLEeRM08wJA==}
    engines: {node: '>=4'}

  b4a@1.8.0:
    resolution: {integrity: sha512-qRuSmNSkGQaHwNbM7J78Wwy+ghLEYF1zNrSeMxj4Kgw6y33O3mXcQ6Ie9fRvfU/YnxWkOchPXbaLb73TkIsfdg==}
    peerDependencies:
      react-native-b4a: '*'
    peerDependenciesMeta:
      react-native-b4a:
        optional: true

  bare-events@2.8.2:
    resolution: {integrity: sha512-riJjyv1/mHLIPX4RwiK+oW9/4c3TEUeORHKefKAKnZ5kyslbN+HXowtbaVEqt4IMUB7OXlfixcs6gsFeo/jhiQ==}
    peerDependencies:
      bare-abort-controller: '*'
    peerDependenciesMeta:
      bare-abort-controller:
        optional: true

  bare-fs@4.7.1:
    resolution: {integrity: sha512-WDRsyVN52eAx/lBamKD6uyw8H4228h/x0sGGGegOamM2cd7Pag88GfMQalobXI+HaEUxpCkbKQUDOQqt9wawRw==}
    engines: {bare: '>=1.16.0'}
    peerDependencies:
      bare-buffer: '*'
    peerDependenciesMeta:
      bare-buffer:
        optional: true

  bare-os@3.8.7:
    resolution: {integrity: sha512-G4Gr1UsGeEy2qtDTZwL7JFLo2wapUarz7iTMcYcMFdS89AIQuBoyjgXZz0Utv7uHs3xA9LckhVbeBi8lEQrC+w==}
    engines: {bare: '>=1.14.0'}

  bare-path@3.0.0:
    resolution: {integrity: sha512-tyfW2cQcB5NN8Saijrhqn0Zh7AnFNsnczRcuWODH0eYAXBsJ5gVxAUuNr7tsHSC6IZ77cA0SitzT+s47kot8Mw==}

  bare-stream@2.13.0:
    resolution: {integrity: sha512-3zAJRZMDFGjdn+RVnNpF9kuELw+0Fl3lpndM4NcEOhb9zwtSo/deETfuIwMSE5BXanA0FrN1qVjffGwAg2Y7EA==}
    peerDependencies:
      bare-abort-controller: '*'
      bare-buffer: '*'
      bare-events: '*'
    peerDependenciesMeta:
      bare-abort-controller:
        optional: true
      bare-buffer:
        optional: true
      bare-events:
        optional: true

  bare-url@2.4.0:
    resolution: {integrity: sha512-NSTU5WN+fy/L0DDenfE8SXQna4voXuW0FHM7wH8i3/q9khUSchfPbPezO4zSFMnDGIf9YE+mt/RWhZgNRKRIXA==}

  end-of-stream@1.4.5:
    resolution: {integrity: sha512-ooEGc6HP26xXq/N+GCGOT0JKCLDGrq2bQUZrQ7gyrJiZANJ/8YDTxTpQBXGMn+WbIQXNVpyWymm7KYVICQnyOg==}

  events-universal@1.0.1:
    resolution: {integrity: sha512-LUd5euvbMLpwOF8m6ivPCbhQeSiYVNb8Vs0fQ8QjXo0JTkEHpz8pxdQf0gStltaPpw0Cca8b39KxvK9cfKRiAw==}

  fast-fifo@1.3.2:
    resolution: {integrity: sha512-/d9sfos4yxzpwkDkuN7k2SqFKtYNmCTzgfEpz82x34IM9/zc8KGxQoXg1liNC/izpRM/MBdt44Nmx41ZWqk+FQ==}

  fsevents@2.3.2:
    resolution: {integrity: sha512-xiqMQR4xAeHTuB9uWm+fFRcIOgKBMiOBP+eXiyT7jsgVCq1bkVygt00oASowB7EdtpOHaaPgKt812P9ab+DDKA==}
    engines: {node: ^8.16.0 || ^10.6.0 || >=11.0.0}
    os: [darwin]

  isexe@4.0.0:
    resolution: {integrity: sha512-FFUtZMpoZ8RqHS3XeXEmHWLA4thH+ZxCv2lOiPIn1Xc7CxrqhWzNSDzD+/chS/zbYezmiwWLdQC09JdQKmthOw==}
    engines: {node: '>=20'}

  jose@6.2.3:
    resolution: {integrity: sha512-YYVDInQKFJfR/xa3ojUTl8c2KoTwiL1R5Wg9YCydwH0x0B9grbzlg5HC7mMjCtUJjbQ/YnGEZIhI5tCgfTb4Hw==}

  js-yaml@5.1.0:
    resolution: {integrity: sha512-s8VA5jkR8f22S3NAXmhKPFqGUduqZGlsufabVOgN14iTdw/RXcym7bKkbwjxLK9Yw2lEvvmJjFp119+KPeo8Kg==}
    hasBin: true

  node@runtime:24.18.0:
    resolution:
      type: variations
      variants:
        - resolution:
            archive: tarball
            bin:
              node: bin/node
            integrity: sha256-ZGOiNzn2sjAOvsXM1gJ14TjjhY/Br8bo+bxOT2pLdvo=
            type: binary
            url: https://nodejs.org/download/release/v24.18.0/node-v24.18.0-aix-ppc64.tar.gz
          targets:
            - cpu: ppc64
              os: aix
        - resolution:
            archive: tarball
            bin:
              node: bin/node
            integrity: sha256-4al+FMmcgD6WxzOUAyguoFpJnDL42D3v6e9exm+XntE=
            type: binary
            url: https://nodejs.org/download/release/v24.18.0/node-v24.18.0-darwin-arm64.tar.gz
          targets:
            - cpu: arm64
              os: darwin
        - resolution:
            archive: tarball
            bin:
              node: bin/node
            integrity: sha256-39Db0+chUDQ033tyBecZ9hs6OjGyvPlym4uR/qJA8IA=
            type: binary
            url: https://nodejs.org/download/release/v24.18.0/node-v24.18.0-darwin-x64.tar.gz
          targets:
            - cpu: x64
              os: darwin
        - resolution:
            archive: tarball
            bin:
              node: bin/node
            integrity: sha256-a0SEwhkCdBdd+aqPKOLXWKgZyxwf5qtIHi+VtGOrhQg=
            type: binary
            url: https://nodejs.org/download/release/v24.18.0/node-v24.18.0-linux-arm64.tar.gz
          targets:
            - cpu: arm64
              os: linux
        - resolution:
            archive: tarball
            bin:
              node: bin/node
            integrity: sha256-/hM4ly95KDxrwh5h2/RXa76MBa3tKZnUHIZDrTAmUUI=
            type: binary
            url: https://nodejs.org/download/release/v24.18.0/node-v24.18.0-linux-ppc64le.tar.gz
          targets:
            - cpu: ppc64le
              os: linux
        - resolution:
            archive: tarball
            bin:
              node: bin/node
            integrity: sha256-Nx68E5RfwWlJPnUvLdr6+rbs2My0Ubz/RuCfacXdjHo=
            type: binary
            url: https://nodejs.org/download/release/v24.18.0/node-v24.18.0-linux-s390x.tar.gz
          targets:
            - cpu: s390x
              os: linux
        - resolution:
            archive: tarball
            bin:
              node: bin/node
            integrity: sha256-eDEwmElj23upy9AQierywu+wVcfBaTyUMXS5Z7MFDLg=
            type: binary
            url: https://nodejs.org/download/release/v24.18.0/node-v24.18.0-linux-x64.tar.gz
          targets:
            - cpu: x64
              os: linux
        - resolution:
            archive: zip
            bin:
              node: node.exe
            integrity: sha256-8nRmmtuTsf0Pv48h/QeGCencyEMz1PJxjS3eP5oWGgE=
            prefix: node-v24.18.0-win-arm64
            type: binary
            url: https://nodejs.org/download/release/v24.18.0/node-v24.18.0-win-arm64.zip
          targets:
            - cpu: arm64
              os: win32
        - resolution:
            archive: zip
            bin:
              node: node.exe
            integrity: sha256-CuaEBrQtdyVmHal5sUA+yZJtogXGdwgn8zqsnY8m6CE=
            prefix: node-v24.18.0-win-x64
            type: binary
            url: https://nodejs.org/download/release/v24.18.0/node-v24.18.0-win-x64.zip
          targets:
            - cpu: x64
              os: win32
        - resolution:
            archive: tarball
            bin:
              node: bin/node
            integrity: sha256-scbC3DG0bdj7IyL0/nWwfndcUSC8NyUd7uoo9SnUVns=
            type: binary
            url: https://unofficial-builds.nodejs.org/download/release/v24.18.0/node-v24.18.0-linux-arm64-musl.tar.gz
          targets:
            - cpu: arm64
              os: linux
              libc: musl
        - resolution:
            archive: tarball
            bin:
              node: bin/node
            integrity: sha256-6lhAmRHhQexrGdkXjvotkYWhMpUAWxy/VSGzFX7tHZU=
            type: binary
            url: https://unofficial-builds.nodejs.org/download/release/v24.18.0/node-v24.18.0-linux-x64-musl.tar.gz
          targets:
            - cpu: x64
              os: linux
              libc: musl
    version: 24.18.0
    hasBin: true

  once@1.4.0:
    resolution: {integrity: sha512-lNaJgI+2Q5URQBkccEKHTQOPaXdUxnZZElQTZY0MFUAuaEqe1E+Nyvgdz/aIyNi6Z9MzO5dv1H8n58/GELp3+w==}

  playwright-core@1.61.1:
    resolution: {integrity: sha512-h7Qlt6m4REp25qvIdvbDtVmD4LqVXfpRxhORv9L0jzETM05p4fuPJ3dKyuSXQxDSbXnmS79HAgi9589lGSpLkg==}
    engines: {node: '>=18'}
    hasBin: true

  playwright@1.61.1:
    resolution: {integrity: sha512-DWnY5o3YbLWK4GovuAVwpqL+1VwGNdUGrRr++8j8PtQQzvAVZUIMjKQ90fY689sEJZJBbZVw1rXaOKSTitkzPQ==}
    engines: {node: '>=18'}
    hasBin: true

  png-metadata@1.0.2:
    resolution: {integrity: sha512-9evMsSVWxOlMmL/LtFo1LPxixyNg6KmFYIUZ/zdh4GF0kcc9cy7kRmXpCwrLMeh1+kaxFGmbk3WCHKEezSu2Bw==}

  pump@3.0.4:
    resolution: {integrity: sha512-VS7sjc6KR7e1ukRFhQSY5LM2uBWAUPiOPa/A3mkKmiMwSmRFUITt0xuj+/lesgnCv+dPIEYlkzrcyXgquIHMcA==}

  streamx@2.25.0:
    resolution: {integrity: sha512-0nQuG6jf1w+wddNEEXCF4nTg3LtufWINB5eFEN+5TNZW7KWJp6x87+JFL43vaAUPyCfH1wID+mNVyW6OHtFamg==}

  tar-fs@3.1.2:
    resolution: {integrity: sha512-QGxxTxxyleAdyM3kpFs14ymbYmNFrfY+pHj7Z8FgtbZ7w2//VAgLMac7sT6nRpIHjppXO2AwwEOg0bPFVRcmXw==}

  tar-stream@3.1.8:
    resolution: {integrity: sha512-U6QpVRyCGHva435KoNWy9PRoi2IFYCgtEhq9nmrPPpbRacPs9IH4aJ3gbrFC8dPcXvdSZ4XXfXT5Fshbp2MtlQ==}

  teex@1.0.1:
    resolution: {integrity: sha512-eYE6iEI62Ni1H8oIa7KlDU6uQBtqr4Eajni3wX7rpfXD8ysFx8z0+dri+KWEPWpBsxXfxu58x/0jvTVT1ekOSg==}

  text-decoder@1.2.7:
    resolution: {integrity: sha512-vlLytXkeP4xvEq2otHeJfSQIRyWxo/oZGEbXrtEEF9Hnmrdly59sUbzZ/QgyWuLYHctCHxFF4tRQZNQ9k60ExQ==}

  typescript@6.0.3:
    resolution: {integrity: sha512-y2TvuxSZPDyQakkFRPZHKFm+KKVqIisdg9/CZwm9ftvKXLP8NRWj38/ODjNbr43SsoXqNuAisEf1GdCxqWcdBw==}
    engines: {node: '>=14.17'}
    hasBin: true

  undici-types@8.3.0:
    resolution: {integrity: sha512-j375ScV60dom+YkPFIfTLcOiPxkN/buHz5GobjLhixFuANaNs3C9l4GmrWqejgXWJ7BbJcFYpTEUkS1Ge8bpZQ==}

  which@7.0.0:
    resolution: {integrity: sha512-RancgH2dmbLdHl6LRhEqvklWMgl/Hdnun0Y90KhBOLkMefg8Qa7/Zel8Sm+8HEcP6DEjzsWzpkuBQEZok58isA==}
    engines: {node: ^22.22.2 || ^24.15.0 || >=26.0.0}
    hasBin: true

  wrappy@1.0.2:
    resolution: {integrity: sha512-l4Sp/DRseor9wL6EvV2+TuQn63dMkPjZ/sp9XkghTEbV9KlPS1xUsZ3u7/IQO4wxtcFB4bgpQPRcR3QCvezPcQ==}

snapshots:

  '@axe-core/playwright@4.12.1(playwright-core@1.61.1)':
    dependencies:
      axe-core: 4.12.1
      playwright-core: 1.61.1

  '@playwright/browser-chromium@1.61.1':
    dependencies:
      playwright-core: 1.61.1

  '@playwright/test@1.61.1':
    dependencies:
      playwright: 1.61.1

  '@types/js-yaml@4.0.9': {}

  '@types/node@26.0.0':
    dependencies:
      undici-types: 8.3.0

  '@types/tar-fs@2.0.4':
    dependencies:
      '@types/node': 26.0.0
      '@types/tar-stream': 3.1.4

  '@types/tar-stream@3.1.4':
    dependencies:
      '@types/node': 26.0.0

  '@types/which@3.0.4': {}

  argparse@2.0.1: {}

  axe-core@4.12.1: {}

  b4a@1.8.0: {}

  bare-events@2.8.2: {}

  bare-fs@4.7.1:
    dependencies:
      bare-events: 2.8.2
      bare-path: 3.0.0
      bare-stream: 2.13.0(bare-events@2.8.2)
      bare-url: 2.4.0
      fast-fifo: 1.3.2
    transitivePeerDependencies:
      - bare-abort-controller
      - react-native-b4a

  bare-os@3.8.7: {}

  bare-path@3.0.0:
    dependencies:
      bare-os: 3.8.7

  bare-stream@2.13.0(bare-events@2.8.2):
    dependencies:
      streamx: 2.25.0
      teex: 1.0.1
    optionalDependencies:
      bare-events: 2.8.2
    transitivePeerDependencies:
      - react-native-b4a

  bare-url@2.4.0:
    dependencies:
      bare-path: 3.0.0

  end-of-stream@1.4.5:
    dependencies:
      once: 1.4.0

  events-universal@1.0.1:
    dependencies:
      bare-events: 2.8.2
    transitivePeerDependencies:
      - bare-abort-controller

  fast-fifo@1.3.2: {}

  fsevents@2.3.2:
    optional: true

  isexe@4.0.0: {}

  jose@6.2.3: {}

  js-yaml@5.1.0:
    dependencies:
      argparse: 2.0.1

  node@runtime:24.18.0: {}

  once@1.4.0:
    dependencies:
      wrappy: 1.0.2

  playwright-core@1.61.1: {}

  playwright@1.61.1:
    dependencies:
      playwright-core: 1.61.1
    optionalDependencies:
      fsevents: 2.3.2

  png-metadata@1.0.2: {}

  pump@3.0.4:
    dependencies:
      end-of-stream: 1.4.5
      once: 1.4.0

  streamx@2.25.0:
    dependencies:
      events-universal: 1.0.1
      fast-fifo: 1.3.2
      text-decoder: 1.2.7
    transitivePeerDependencies:
      - bare-abort-controller
      - react-native-b4a

  tar-fs@3.1.2:
    dependencies:
      pump: 3.0.4
      tar-stream: 3.1.8
    optionalDependencies:
      bare-fs: 4.7.1
      bare-path: 3.0.0
    transitivePeerDependencies:
      - bare-abort-controller
      - bare-buffer
      - react-native-b4a

  tar-stream@3.1.8:
    dependencies:
      b4a: 1.8.0
      bare-fs: 4.7.1
      fast-fifo: 1.3.2
      streamx: 2.25.0
    transitivePeerDependencies:
      - bare-abort-controller
      - bare-buffer
      - react-native-b4a

  teex@1.0.1:
    dependencies:
      streamx: 2.25.0
    transitivePeerDependencies:
      - bare-abort-controller
      - react-native-b4a

  text-decoder@1.2.7:
    dependencies:
      b4a: 1.8.0
    transitivePeerDependencies:
      - react-native-b4a

  typescript@6.0.3: {}

  undici-types@8.3.0: {}

  which@7.0.0:
    dependencies:
      isexe: 4.0.0

  wrappy@1.0.2: {}

time:
  '@axe-core/playwright@4.12.1': '2026-06-23T15:31:17.929Z'
  '@playwright/browser-chromium@1.61.1': '2026-06-23T19:49:43.110Z'
  '@playwright/test@1.61.1': '2026-06-23T19:49:12.825Z'
  '@types/js-yaml@4.0.9': '2023-11-07T20:20:13.264Z'
  '@types/node@26.0.0': '2026-06-19T07:14:52.347Z'
  '@types/tar-fs@2.0.4': '2023-11-07T17:40:09.496Z'
  '@types/which@3.0.4': '2024-05-30T17:36:03.133Z'
  axe-core@4.12.1: '2026-06-10T10:27:03.257Z'
  jose@6.2.3: '2026-04-27T15:23:35.019Z'
  js-yaml@5.1.0: '2026-06-22T22:01:32.626Z'
  playwright@1.61.1: '2026-06-23T19:49:00.061Z'
  png-metadata@1.0.2: '2018-09-13T10:05:00.505Z'
  tar-fs@3.1.2: '2026-03-04T22:55:50.260Z'
  typescript@6.0.3: '2026-04-16T23:38:27.905Z'
  which@7.0.0: '2026-05-08T18:30:58.733Z'
